// !$*UTF8*$!
{
	archiveVersion = 1;
	classes = {
	};
	objectVersion = 46;
	objects = {

/* Begin PBXBuildFile section */
		5E53545D1AD17E9800617B7C /* AppDelegate.swift in Sources */ = {isa = PBXBuildFile; fileRef = 5E53545C1AD17E9800617B7C /* AppDelegate.swift */; };
		5E53545F1AD17E9800617B7C /* ViewController.swift in Sources */ = {isa = PBXBuildFile; fileRef = 5E53545E1AD17E9800617B7C /* ViewController.swift */; };
		5E5354621AD17E9800617B7C /* Main.storyboard in Resources */ = {isa = PBXBuildFile; fileRef = 5E5354601AD17E9800617B7C /* Main.storyboard */; };
		5E5354641AD17E9800617B7C /* Images.xcassets in Resources */ = {isa = PBXBuildFile; fileRef = 5E5354631AD17E9800617B7C /* Images.xcassets */; };
		5E5354671AD17E9800617B7C /* LaunchScreen.xib in Resources */ = {isa = PBXBuildFile; fileRef = 5E5354651AD17E9800617B7C /* LaunchScreen.xib */; };
		5E5354731AD17E9800617B7C /* pip_appTests.swift in Sources */ = {isa = PBXBuildFile; fileRef = 5E5354721AD17E9800617B7C /* pip_appTests.swift */; };
		5E5354821AD1805D00617B7C /* TextPip.swift in Sources */ = {isa = PBXBuildFile; fileRef = 5E5354811AD1805D00617B7C /* TextPip.swift */; };
		5E879C761AD1881200DCAC47 /* BasePip.swift in Sources */ = {isa = PBXBuildFile; fileRef = 5E879C751AD1881200DCAC47 /* BasePip.swift */; };
		5E879C791AD18B8500DCAC47 /* BasePipView.swift in Sources */ = {isa = PBXBuildFile; fileRef = 5E879C781AD18B8500DCAC47 /* BasePipView.swift */; };
/* End PBXBuildFile section */

/* Begin PBXContainerItemProxy section */
		5E53546D1AD17E9800617B7C /* PBXContainerItemProxy */ = {
			isa = PBXContainerItemProxy;
			containerPortal = 5E53544F1AD17E9800617B7C /* Project object */;
			proxyType = 1;
			remoteGlobalIDString = 5E5354561AD17E9800617B7C;
			remoteInfo = "pip-app";
		};
/* End PBXContainerItemProxy section */

/* Begin PBXFileReference section */
		5E5354571AD17E9800617B7C /* pip-app.app */ = {isa = PBXFileReference; explicitFileType = wrapper.application; includeInIndex = 0; path = "pip-app.app"; sourceTree = BUILT_PRODUCTS_DIR; };
		5E53545B1AD17E9800617B7C /* Info.plist */ = {isa = PBXFileReference; lastKnownFileType = text.plist.xml; path = Info.plist; sourceTree = "<group>"; };
		5E53545C1AD17E9800617B7C /* AppDelegate.swift */ = {isa = PBXFileReference; lastKnownFileType = sourcecode.swift; path = AppDelegate.swift; sourceTree = "<group>"; };
		5E53545E1AD17E9800617B7C /* ViewController.swift */ = {isa = PBXFileReference; lastKnownFileType = sourcecode.swift; path = ViewController.swift; sourceTree = "<group>"; };
		5E5354611AD17E9800617B7C /* Base */ = {isa = PBXFileReference; lastKnownFileType = file.storyboard; name = Base; path = Base.lproj/Main.storyboard; sourceTree = "<group>"; };
		5E5354631AD17E9800617B7C /* Images.xcassets */ = {isa = PBXFileReference; lastKnownFileType = folder.assetcatalog; path = Images.xcassets; sourceTree = "<group>"; };
		5E5354661AD17E9800617B7C /* Base */ = {isa = PBXFileReference; lastKnownFileType = file.xib; name = Base; path = Base.lproj/LaunchScreen.xib; sourceTree = "<group>"; };
		5E53546C1AD17E9800617B7C /* pip-appTests.xctest */ = {isa = PBXFileReference; explicitFileType = wrapper.cfbundle; includeInIndex = 0; path = "pip-appTests.xctest"; sourceTree = BUILT_PRODUCTS_DIR; };
		5E5354711AD17E9800617B7C /* Info.plist */ = {isa = PBXFileReference; lastKnownFileType = text.plist.xml; path = Info.plist; sourceTree = "<group>"; };
		5E5354721AD17E9800617B7C /* pip_appTests.swift */ = {isa = PBXFileReference; lastKnownFileType = sourcecode.swift; path = pip_appTests.swift; sourceTree = "<group>"; };
		5E5354811AD1805D00617B7C /* TextPip.swift */ = {isa = PBXFileReference; fileEncoding = 4; lastKnownFileType = sourcecode.swift; path = TextPip.swift; sourceTree = "<group>"; };
		5E879C751AD1881200DCAC47 /* BasePip.swift */ = {isa = PBXFileReference; fileEncoding = 4; lastKnownFileType = sourcecode.swift; path = BasePip.swift; sourceTree = "<group>"; };
		5E879C781AD18B8500DCAC47 /* BasePipView.swift */ = {isa = PBXFileReference; fileEncoding = 4; lastKnownFileType = sourcecode.swift; path = BasePipView.swift; sourceTree = "<group>"; };
/* End PBXFileReference section */

/* Begin PBXFrameworksBuildPhase section */
		5E5354541AD17E9800617B7C /* Frameworks */ = {
			isa = PBXFrameworksBuildPhase;
			buildActionMask = 2147483647;
			files = (
			);
			runOnlyForDeploymentPostprocessing = 0;
		};
		5E5354691AD17E9800617B7C /* Frameworks */ = {
			isa = PBXFrameworksBuildPhase;
			buildActionMask = 2147483647;
			files = (
			);
			runOnlyForDeploymentPostprocessing = 0;
		};
/* End PBXFrameworksBuildPhase section */

/* Begin PBXGroup section */
		5E53544E1AD17E9800617B7C = {
			isa = PBXGroup;
			children = (
				5E5354591AD17E9800617B7C /* pip-app */,
				5E53546F1AD17E9800617B7C /* pip-appTests */,
				5E5354581AD17E9800617B7C /* Products */,
			);
			sourceTree = "<group>";
		};
		5E5354581AD17E9800617B7C /* Products */ = {
			isa = PBXGroup;
			children = (
				5E5354571AD17E9800617B7C /* pip-app.app */,
				5E53546C1AD17E9800617B7C /* pip-appTests.xctest */,
			);
			name = Products;
			sourceTree = "<group>";
		};
		5E5354591AD17E9800617B7C /* pip-app */ = {
			isa = PBXGroup;
			children = (
				5E879C771AD18B7200DCAC47 /* View */,
				5E53547E1AD1801100617B7C /* Model */,
				5E53545C1AD17E9800617B7C /* AppDelegate.swift */,
				5E53545E1AD17E9800617B7C /* ViewController.swift */,
				5E5354601AD17E9800617B7C /* Main.storyboard */,
				5E5354631AD17E9800617B7C /* Images.xcassets */,
				5E5354651AD17E9800617B7C /* LaunchScreen.xib */,
				5E53545A1AD17E9800617B7C /* Supporting Files */,
			);
			path = "pip-app";
			sourceTree = "<group>";
		};
		5E53545A1AD17E9800617B7C /* Supporting Files */ = {
			isa = PBXGroup;
			children = (
				5E53545B1AD17E9800617B7C /* Info.plist */,
			);
			name = "Supporting Files";
			sourceTree = "<group>";
		};
		5E53546F1AD17E9800617B7C /* pip-appTests */ = {
			isa = PBXGroup;
			children = (
				5E5354721AD17E9800617B7C /* pip_appTests.swift */,
				5E5354701AD17E9800617B7C /* Supporting Files */,
			);
			path = "pip-appTests";
			sourceTree = "<group>";
		};
		5E5354701AD17E9800617B7C /* Supporting Files */ = {
			isa = PBXGroup;
			children = (
				5E5354711AD17E9800617B7C /* Info.plist */,
			);
			name = "Supporting Files";
			sourceTree = "<group>";
		};
		5E53547E1AD1801100617B7C /* Model */ = {
			isa = PBXGroup;
			children = (
				5E879C751AD1881200DCAC47 /* BasePip.swift */,
				5E5354811AD1805D00617B7C /* TextPip.swift */,
			);
			name = Model;
			sourceTree = "<group>";
		};
		5E879C771AD18B7200DCAC47 /* View */ = {
			isa = PBXGroup;
			children = (
				5E879C781AD18B8500DCAC47 /* BasePipView.swift */,
			);
			name = View;
			sourceTree = "<group>";
		};
/* End PBXGroup section */

/* Begin PBXNativeTarget section */
		5E5354561AD17E9800617B7C /* pip-app */ = {
			isa = PBXNativeTarget;
			buildConfigurationList = 5E5354761AD17E9800617B7C /* Build configuration list for PBXNativeTarget "pip-app" */;
			buildPhases = (
				5E5354531AD17E9800617B7C /* Sources */,
				5E5354541AD17E9800617B7C /* Frameworks */,
				5E5354551AD17E9800617B7C /* Resources */,
			);
			buildRules = (
			);
			dependencies = (
			);
			name = "pip-app";
			productName = "pip-app";
			productReference = 5E5354571AD17E9800617B7C /* pip-app.app */;
			productType = "com.apple.product-type.application";
		};
		5E53546B1AD17E9800617B7C /* pip-appTests */ = {
			isa = PBXNativeTarget;
			buildConfigurationList = 5E5354791AD17E9800617B7C /* Build configuration list for PBXNativeTarget "pip-appTests" */;
			buildPhases = (
				5E5354681AD17E9800617B7C /* Sources */,
				5E5354691AD17E9800617B7C /* Frameworks */,
				5E53546A1AD17E9800617B7C /* Resources */,
			);
			buildRules = (
			);
			dependencies = (
				5E53546E1AD17E9800617B7C /* PBXTargetDependency */,
			);
			name = "pip-appTests";
			productName = "pip-appTests";
			productReference = 5E53546C1AD17E9800617B7C /* pip-appTests.xctest */;
			productType = "com.apple.product-type.bundle.unit-test";
		};
/* End PBXNativeTarget section */

/* Begin PBXProject section */
		5E53544F1AD17E9800617B7C /* Project object */ = {
			isa = PBXProject;
			attributes = {
				LastUpgradeCheck = 0620;
				ORGANIZATIONNAME = "Peter Slattery";
				TargetAttributes = {
					5E5354561AD17E9800617B7C = {
						CreatedOnToolsVersion = 6.2;
					};
					5E53546B1AD17E9800617B7C = {
						CreatedOnToolsVersion = 6.2;
						TestTargetID = 5E5354561AD17E9800617B7C;
					};
				};
			};
			buildConfigurationList = 5E5354521AD17E9800617B7C /* Build configuration list for PBXProject "pip-app" */;
			compatibilityVersion = "Xcode 3.2";
			developmentRegion = English;
			hasScannedForEncodings = 0;
			knownRegions = (
				en,
				Base,
			);
			mainGroup = 5E53544E1AD17E9800617B7C;
			productRefGroup = 5E5354581AD17E9800617B7C /* Products */;
			projectDirPath = "";
			projectRoot = "";
			targets = (
				5E5354561AD17E9800617B7C /* pip-app */,
				5E53546B1AD17E9800617B7C /* pip-appTests */,
			);
		};
/* End PBXProject section */

/* Begin PBXResourcesBuildPhase section */
		5E5354551AD17E9800617B7C /* Resources */ = {
			isa = PBXResourcesBuildPhase;
			buildActionMask = 2147483647;
			files = (
				5E5354621AD17E9800617B7C /* Main.storyboard in Resources */,
				5E5354671AD17E9800617B7C /* LaunchScreen.xib in Resources */,
				5E5354641AD17E9800617B7C /* Images.xcassets in Resources */,
			);
			runOnlyForDeploymentPostprocessing = 0;
		};
		5E53546A1AD17E9800617B7C /* Resources */ = {
			isa = PBXResourcesBuildPhase;
			buildActionMask = 2147483647;
			files = (
			);
			runOnlyForDeploymentPostprocessing = 0;
		};
/* End PBXResourcesBuildPhase section */

/* Begin PBXSourcesBuildPhase section */
		5E5354531AD17E9800617B7C /* Sources */ = {
			isa = PBXSourcesBuildPhase;
			buildActionMask = 2147483647;
			files = (
				5E879C761AD1881200DCAC47 /* BasePip.swift in Sources */,
				5E879C791AD18B8500DCAC47 /* BasePipView.swift in Sources */,
				5E53545F1AD17E9800617B7C /* ViewController.swift in Sources */,
				5E53545D1AD17E9800617B7C /* AppDelegate.swift in Sources */,
				5E5354821AD1805D00617B7C /* TextPip.swift in Sources */,
			);
			runOnlyForDeploymentPostprocessing = 0;
		};
		5E5354681AD17E9800617B7C /* Sources */ = {
			isa = PBXSourcesBuildPhase;
			buildActionMask = 2147483647;
			files = (
				5E5354731AD17E9800617B7C /* pip_appTests.swift in Sources */,
			);
			runOnlyForDeploymentPostprocessing = 0;
		};
/* End PBXSourcesBuildPhase section */

/* Begin PBXTargetDependency section */
		5E53546E1AD17E9800617B7C /* PBXTargetDependency */ = {
			isa = PBXTargetDependency;
			target = 5E5354561AD17E9800617B7C /* pip-app */;
			targetProxy = 5E53546D1AD17E9800617B7C /* PBXContainerItemProxy */;
		};
/* End PBXTargetDependency section */

/* Begin PBXVariantGroup section */
		5E5354601AD17E9800617B7C /* Main.storyboard */ = {
			isa = PBXVariantGroup;
			children = (
				5E5354611AD17E9800617B7C /* Base */,
			);
			name = Main.storyboard;
			sourceTree = "<group>";
		};
		5E5354651AD17E9800617B7C /* LaunchScreen.xib */ = {
			isa = PBXVariantGroup;
			children = (
				5E5354661AD17E9800617B7C /* Base */,
			);
			name = LaunchScreen.xib;
			sourceTree = "<group>";
		};
/* End PBXVariantGroup section */

/* Begin XCBuildConfiguration section */
		5E5354741AD17E9800617B7C /* Debug */ = {
			isa = XCBuildConfiguration;
			buildSettings = {
				ALWAYS_SEARCH_USER_PATHS = NO;
				CLANG_CXX_LANGUAGE_STANDARD = "gnu++0x";
				CLANG_CXX_LIBRARY = "libc++";
				CLANG_ENABLE_MODULES = YES;
				CLANG_ENABLE_OBJC_ARC = YES;
				CLANG_WARN_BOOL_CONVERSION = YES;
				CLANG_WARN_CONSTANT_CONVERSION = YES;
				CLANG_WARN_DIRECT_OBJC_ISA_USAGE = YES_ERROR;
				CLANG_WARN_EMPTY_BODY = YES;
				CLANG_WARN_ENUM_CONVERSION = YES;
				CLANG_WARN_INT_CONVERSION = YES;
				CLANG_WARN_OBJC_ROOT_CLASS = YES_ERROR;
				CLANG_WARN_UNREACHABLE_CODE = YES;
				CLANG_WARN__DUPLICATE_METHOD_MATCH = YES;
				"CODE_SIGN_IDENTITY[sdk=iphoneos*]" = "iPhone Developer";
				COPY_PHASE_STRIP = NO;
				ENABLE_STRICT_OBJC_MSGSEND = YES;
				GCC_C_LANGUAGE_STANDARD = gnu99;
				GCC_DYNAMIC_NO_PIC = NO;
				GCC_OPTIMIZATION_LEVEL = 0;
				GCC_PREPROCESSOR_DEFINITIONS = (
					"DEBUG=1",
					"$(inherited)",
				);
				GCC_SYMBOLS_PRIVATE_EXTERN = NO;
				GCC_WARN_64_TO_32_BIT_CONVERSION = YES;
				GCC_WARN_ABOUT_RETURN_TYPE = YES_ERROR;
				GCC_WARN_UNDECLARED_SELECTOR = YES;
				GCC_WARN_UNINITIALIZED_AUTOS = YES_AGGRESSIVE;
				GCC_WARN_UNUSED_FUNCTION = YES;
				GCC_WARN_UNUSED_VARIABLE = YES;
				IPHONEOS_DEPLOYMENT_TARGET = 8.2;
				MTL_ENABLE_DEBUG_INFO = YES;
				ONLY_ACTIVE_ARCH = YES;
				SDKROOT = iphoneos;
				SWIFT_OPTIMIZATION_LEVEL = "-Onone";
			};
			name = Debug;
		};
		5E5354751AD17E9800617B7C /* Release */ = {
			isa = XCBuildConfiguration;
			buildSettings = {
				ALWAYS_SEARCH_USER_PATHS = NO;
				CLANG_CXX_LANGUAGE_STANDARD = "gnu++0x";
				CLANG_CXX_LIBRARY = "libc++";
				CLANG_ENABLE_MODULES = YES;
				CLANG_ENABLE_OBJC_ARC = YES;
				CLANG_WARN_BOOL_CONVERSION = YES;
				CLANG_WARN_CONSTANT_CONVERSION = YES;
				CLANG_WARN_DIRECT_OBJC_ISA_USAGE = YES_ERROR;
				CLANG_WARN_EMPTY_BODY = YES;
				CLANG_WARN_ENUM_CONVERSION = YES;
				CLANG_WARN_INT_CONVERSION = YES;
				CLANG_WARN_OBJC_ROOT_CLASS = YES_ERROR;
				CLANG_WARN_UNREACHABLE_CODE = YES;
				CLANG_WARN__DUPLICATE_METHOD_MATCH = YES;
				"CODE_SIGN_IDENTITY[sdk=iphoneos*]" = "iPhone Developer";
				COPY_PHASE_STRIP = NO;
				ENABLE_NS_ASSERTIONS = NO;
				ENABLE_STRICT_OBJC_MSGSEND = YES;
				GCC_C_LANGUAGE_STANDARD = gnu99;
				GCC_WARN_64_TO_32_BIT_CONVERSION = YES;
				GCC_WARN_ABOUT_RETURN_TYPE = YES_ERROR;
				GCC_WARN_UNDECLARED_SELECTOR = YES;
				GCC_WARN_UNINITIALIZED_AUTOS = YES_AGGRESSIVE;
				GCC_WARN_UNUSED_FUNCTION = YES;
				GCC_WARN_UNUSED_VARIABLE = YES;
				IPHONEOS_DEPLOYMENT_TARGET = 8.2;
				MTL_ENABLE_DEBUG_INFO = NO;
				SDKROOT = iphoneos;
				VALIDATE_PRODUCT = YES;
			};
			name = Release;
		};
		5E5354771AD17E9800617B7C /* Debug */ = {
			isa = XCBuildConfiguration;
			buildSettings = {
				ASSETCATALOG_COMPILER_APPICON_NAME = AppIcon;
				INFOPLIST_FILE = "pip-app/Info.plist";
				LD_RUNPATH_SEARCH_PATHS = "$(inherited) @executable_path/Frameworks";
				PRODUCT_NAME = "$(TARGET_NAME)";
			};
			name = Debug;
		};
		5E5354781AD17E9800617B7C /* Release */ = {
			isa = XCBuildConfiguration;
			buildSettings = {
				ASSETCATALOG_COMPILER_APPICON_NAME = AppIcon;
				INFOPLIST_FILE = "pip-app/Info.plist";
				LD_RUNPATH_SEARCH_PATHS = "$(inherited) @executable_path/Frameworks";
				PRODUCT_NAME = "$(TARGET_NAME)";
			};
			name = Release;
		};
		5E53547A1AD17E9800617B7C /* Debug */ = {
			isa = XCBuildConfiguration;
			buildSettings = {
				BUNDLE_LOADER = "$(TEST_HOST)";
				FRAMEWORK_SEARCH_PATHS = (
					"$(SDKROOT)/Developer/Library/Frameworks",
					"$(inherited)",
				);
				GCC_PREPROCESSOR_DEFINITIONS = (
					"DEBUG=1",
					"$(inherited)",
				);
				INFOPLIST_FILE = "pip-appTests/Info.plist";
				LD_RUNPATH_SEARCH_PATHS = "$(inherited) @executable_path/Frameworks @loader_path/Frameworks";
				PRODUCT_NAME = "$(TARGET_NAME)";
				TEST_HOST = "$(BUILT_PRODUCTS_DIR)/pip-app.app/pip-app";
			};
			name = Debug;
		};
		5E53547B1AD17E9800617B7C /* Release */ = {
			isa = XCBuildConfiguration;
			buildSettings = {
				BUNDLE_LOADER = "$(TEST_HOST)";
				FRAMEWORK_SEARCH_PATHS = (
					"$(SDKROOT)/Developer/Library/Frameworks",
					"$(inherited)",
				);
				INFOPLIST_FILE = "pip-appTests/Info.plist";
				LD_RUNPATH_SEARCH_PATHS = "$(inherited) @executable_path/Frameworks @loader_path/Frameworks";
				PRODUCT_NAME = "$(TARGET_NAME)";
				TEST_HOST = "$(BUILT_PRODUCTS_DIR)/pip-app.app/pip-app";
			};
			name = Release;
		};
/* End XCBuildConfiguration section */

/* Begin XCConfigurationList section */
		5E5354521AD17E9800617B7C /* Build configuration list for PBXProject "pip-app" */ = {
			isa = XCConfigurationList;
			buildConfigurations = (
				5E5354741AD17E9800617B7C /* Debug */,
				5E5354751AD17E9800617B7C /* Release */,
			);
			defaultConfigurationIsVisible = 0;
			defaultConfigurationName = Release;
		};
		5E5354761AD17E9800617B7C /* Build configuration list for PBXNativeTarget "pip-app" */ = {
			isa = XCConfigurationList;
			buildConfigurations = (
				5E5354771AD17E9800617B7C /* Debug */,
				5E5354781AD17E9800617B7C /* Release */,
			);
			defaultConfigurationIsVisible = 0;
			defaultConfigurationName = Release;
		};
		5E5354791AD17E9800617B7C /* Build configuration list for PBXNativeTarget "pip-appTests" */ = {
			isa = XCConfigurationList;
			buildConfigurations = (
				5E53547A1AD17E9800617B7C /* Debug */,
				5E53547B1AD17E9800617B7C /* Release */,
			);
			defaultConfigurationIsVisible = 0;
			defaultConfigurationName = Release;
		};
/* End XCConfigurationList section */
	};
	rootObject = 5E53544F1AD17E9800617B7C /* Project object */;
}
